
Microsoft Visual Studio Solution File, Format Version 12.00
# Visual Studio 15
VisualStudioVersion = 15.0.26124.0
MinimumVisualStudioVersion = 15.0.26124.0
Project("{FAE04EC0-301F-11D3-BF4B-00C04F79EFBC}") = "Almostengr.TrafficPi.Web", "Almostengr.TrafficPi.Web\Almostengr.TrafficPi.Web.csproj", "{5A5D747C-AE67-4D84-A842-6AB7975D056A}"
EndProject
Project("{FAE04EC0-301F-11D3-BF4B-00C04F79EFBC}") = "Almostengr.TrafficPi.LampControl", "Almostengr.TrafficPi.LampControl\Almostengr.TrafficPi.LampControl.csproj", "{951636F0-F6E4-4694-BB4D-EBD6C18ABED9}"
EndProject
Project("{FAE04EC0-301F-11D3-BF4B-00C04F79EFBC}") = "Almostengr.TrafficPi.Api", "Almostengr.TrafficPi.Api\Almostengr.TrafficPi.Api.csproj", "{B4F42AE8-B115-4423-B727-9E203C118C3C}"
EndProject
Global
	GlobalSection(SolutionConfigurationPlatforms) = preSolution
		Debug|Any CPU = Debug|Any CPU
		Debug|x64 = Debug|x64
		Debug|x86 = Debug|x86
		Release|Any CPU = Release|Any CPU
		Release|x64 = Release|x64
		Release|x86 = Release|x86
	EndGlobalSection
	GlobalSection(SolutionProperties) = preSolution
		HideSolutionNode = FALSE
	EndGlobalSection
	GlobalSection(ProjectConfigurationPlatforms) = postSolution
		{5A5D747C-AE67-4D84-A842-6AB7975D056A}.Debug|Any CPU.ActiveCfg = Debug|Any CPU
		{5A5D747C-AE67-4D84-A842-6AB7975D056A}.Debug|Any CPU.Build.0 = Debug|Any CPU
		{5A5D747C-AE67-4D84-A842-6AB7975D056A}.Debug|x64.ActiveCfg = Debug|Any CPU
		{5A5D747C-AE67-4D84-A842-6AB7975D056A}.Debug|x64.Build.0 = Debug|Any CPU
		{5A5D747C-AE67-4D84-A842-6AB7975D056A}.Debug|x86.ActiveCfg = Debug|Any CPU
		{5A5D747C-AE67-4D84-A842-6AB7975D056A}.Debug|x86.Build.0 = Debug|Any CPU
		{5A5D747C-AE67-4D84-A842-6AB7975D056A}.Release|Any CPU.ActiveCfg = Release|Any CPU
		{5A5D747C-AE67-4D84-A842-6AB7975D056A}.Release|Any CPU.Build.0 = Release|Any CPU
		{5A5D747C-AE67-4D84-A842-6AB7975D056A}.Release|x64.ActiveCfg = Release|Any CPU
		{5A5D747C-AE67-4D84-A842-6AB7975D056A}.Release|x64.Build.0 = Release|Any CPU
		{5A5D747C-AE67-4D84-A842-6AB7975D056A}.Release|x86.ActiveCfg = Release|Any CPU
		{5A5D747C-AE67-4D84-A842-6AB7975D056A}.Release|x86.Build.0 = Release|Any CPU
		{951636F0-F6E4-4694-BB4D-EBD6C18ABED9}.Debug|Any CPU.ActiveCfg = Debug|Any CPU
		{951636F0-F6E4-4694-BB4D-EBD6C18ABED9}.Debug|Any CPU.Build.0 = Debug|Any CPU
		{951636F0-F6E4-4694-BB4D-EBD6C18ABED9}.Debug|x64.ActiveCfg = Debug|Any CPU
		{951636F0-F6E4-4694-BB4D-EBD6C18ABED9}.Debug|x64.Build.0 = Debug|Any CPU
		{951636F0-F6E4-4694-BB4D-EBD6C18ABED9}.Debug|x86.ActiveCfg = Debug|Any CPU
		{951636F0-F6E4-4694-BB4D-EBD6C18ABED9}.Debug|x86.Build.0 = Debug|Any CPU
		{951636F0-F6E4-4694-BB4D-EBD6C18ABED9}.Release|Any CPU.ActiveCfg = Release|Any CPU
		{951636F0-F6E4-4694-BB4D-EBD6C18ABED9}.Release|Any CPU.Build.0 = Release|Any CPU
		{951636F0-F6E4-4694-BB4D-EBD6C18ABED9}.Release|x64.ActiveCfg = Release|Any CPU
		{951636F0-F6E4-4694-BB4D-EBD6C18ABED9}.Release|x64.Build.0 = Release|Any CPU
		{951636F0-F6E4-4694-BB4D-EBD6C18ABED9}.Release|x86.ActiveCfg = Release|Any CPU
		{951636F0-F6E4-4694-BB4D-EBD6C18ABED9}.Release|x86.Build.0 = Release|Any CPU
		{B4F42AE8-B115-4423-B727-9E203C118C3C}.Debug|Any CPU.ActiveCfg = Debug|Any CPU
		{B4F42AE8-B115-4423-B727-9E203C118C3C}.Debug|Any CPU.Build.0 = Debug|Any CPU
		{B4F42AE8-B115-4423-B727-9E203C118C3C}.Debug|x64.ActiveCfg = Debug|Any CPU
		{B4F42AE8-B115-4423-B727-9E203C118C3C}.Debug|x64.Build.0 = Debug|Any CPU
		{B4F42AE8-B115-4423-B727-9E203C118C3C}.Debug|x86.ActiveCfg = Debug|Any CPU
		{B4F42AE8-B115-4423-B727-9E203C118C3C}.Debug|x86.Build.0 = Debug|Any CPU
		{B4F42AE8-B115-4423-B727-9E203C118C3C}.Release|Any CPU.ActiveCfg = Release|Any CPU
		{B4F42AE8-B115-4423-B727-9E203C118C3C}.Release|Any CPU.Build.0 = Release|Any CPU
		{B4F42AE8-B115-4423-B727-9E203C118C3C}.Release|x64.ActiveCfg = Release|Any CPU
		{B4F42AE8-B115-4423-B727-9E203C118C3C}.Release|x64.Build.0 = Release|Any CPU
		{B4F42AE8-B115-4423-B727-9E203C118C3C}.Release|x86.ActiveCfg = Release|Any CPU
		{B4F42AE8-B115-4423-B727-9E203C118C3C}.Release|x86.Build.0 = Release|Any CPU
	EndGlobalSection
EndGlobal
